
Microsoft Visual Studio Solution File, Format Version 12.00
# Visual Studio Version 17
VisualStudioVersion = 17.0.31903.59
MinimumVisualStudioVersion = 10.0.40219.1
Project("{2150E333-8FDC-42A3-9474-1A3956D46DE8}") = "src", "src", "{827E0CD3-B72D-47B6-A68D-7590B98EB39B}"
EndProject
Project("{FAE04EC0-301F-11D3-BF4B-00C04F79EFBC}") = "Player-Console.Api", "src\Player-Console.Api\Player-Console.Api.csproj", "{6C919932-0599-40B9-A9E0-BBB13C38B3D8}"
EndProject
Project("{FAE04EC0-301F-11D3-BF4B-00C04F79EFBC}") = "Player-Console.Application", "src\Player-Console.Application\Player-Console.Application.csproj", "{77FA4CE5-7608-4A09-83FB-ED3A528C698A}"
EndProject
Project("{FAE04EC0-301F-11D3-BF4B-00C04F79EFBC}") = "Player-Console.Common", "src\Player-Console.Common\Player-Console.Common.csproj", "{6A7E22A9-8818-4EDA-BDFC-4DC10E890712}"
EndProject
Project("{FAE04EC0-301F-11D3-BF4B-00C04F79EFBC}") = "Player-Console.Infrastructure", "src\Player-Console.Infrastructure\Player-Console.Infrastructure.csproj", "{CF0647A1-2DD0-4BC0-9107-CB3ED56B4F60}"
EndProject
Global
	GlobalSection(SolutionConfigurationPlatforms) = preSolution
		Debug|Any CPU = Debug|Any CPU
		Debug|x64 = Debug|x64
		Debug|x86 = Debug|x86
		Release|Any CPU = Release|Any CPU
		Release|x64 = Release|x64
		Release|x86 = Release|x86
	EndGlobalSection
	GlobalSection(ProjectConfigurationPlatforms) = postSolution
		{6C919932-0599-40B9-A9E0-BBB13C38B3D8}.Debug|Any CPU.ActiveCfg = Debug|Any CPU
		{6C919932-0599-40B9-A9E0-BBB13C38B3D8}.Debug|Any CPU.Build.0 = Debug|Any CPU
		{6C919932-0599-40B9-A9E0-BBB13C38B3D8}.Debug|x64.ActiveCfg = Debug|Any CPU
		{6C919932-0599-40B9-A9E0-BBB13C38B3D8}.Debug|x64.Build.0 = Debug|Any CPU
		{6C919932-0599-40B9-A9E0-BBB13C38B3D8}.Debug|x86.ActiveCfg = Debug|Any CPU
		{6C919932-0599-40B9-A9E0-BBB13C38B3D8}.Debug|x86.Build.0 = Debug|Any CPU
		{6C919932-0599-40B9-A9E0-BBB13C38B3D8}.Release|Any CPU.ActiveCfg = Release|Any CPU
		{6C919932-0599-40B9-A9E0-BBB13C38B3D8}.Release|Any CPU.Build.0 = Release|Any CPU
		{6C919932-0599-40B9-A9E0-BBB13C38B3D8}.Release|x64.ActiveCfg = Release|Any CPU
		{6C919932-0599-40B9-A9E0-BBB13C38B3D8}.Release|x64.Build.0 = Release|Any CPU
		{6C919932-0599-40B9-A9E0-BBB13C38B3D8}.Release|x86.ActiveCfg = Release|Any CPU
		{6C919932-0599-40B9-A9E0-BBB13C38B3D8}.Release|x86.Build.0 = Release|Any CPU
		{77FA4CE5-7608-4A09-83FB-ED3A528C698A}.Debug|Any CPU.ActiveCfg = Debug|Any CPU
		{77FA4CE5-7608-4A09-83FB-ED3A528C698A}.Debug|Any CPU.Build.0 = Debug|Any CPU
		{77FA4CE5-7608-4A09-83FB-ED3A528C698A}.Debug|x64.ActiveCfg = Debug|Any CPU
		{77FA4CE5-7608-4A09-83FB-ED3A528C698A}.Debug|x64.Build.0 = Debug|Any CPU
		{77FA4CE5-7608-4A09-83FB-ED3A528C698A}.Debug|x86.ActiveCfg = Debug|Any CPU
		{77FA4CE5-7608-4A09-83FB-ED3A528C698A}.Debug|x86.Build.0 = Debug|Any CPU
		{77FA4CE5-7608-4A09-83FB-ED3A528C698A}.Release|Any CPU.ActiveCfg = Release|Any CPU
		{77FA4CE5-7608-4A09-83FB-ED3A528C698A}.Release|Any CPU.Build.0 = Release|Any CPU
		{77FA4CE5-7608-4A09-83FB-ED3A528C698A}.Release|x64.ActiveCfg = Release|Any CPU
		{77FA4CE5-7608-4A09-83FB-ED3A528C698A}.Release|x64.Build.0 = Release|Any CPU
		{77FA4CE5-7608-4A09-83FB-ED3A528C698A}.Release|x86.ActiveCfg = Release|Any CPU
		{77FA4CE5-7608-4A09-83FB-ED3A528C698A}.Release|x86.Build.0 = Release|Any CPU
		{6A7E22A9-8818-4EDA-BDFC-4DC10E890712}.Debug|Any CPU.ActiveCfg = Debug|Any CPU
		{6A7E22A9-8818-4EDA-BDFC-4DC10E890712}.Debug|Any CPU.Build.0 = Debug|Any CPU
		{6A7E22A9-8818-4EDA-BDFC-4DC10E890712}.Debug|x64.ActiveCfg = Debug|Any CPU
		{6A7E22A9-8818-4EDA-BDFC-4DC10E890712}.Debug|x64.Build.0 = Debug|Any CPU
		{6A7E22A9-8818-4EDA-BDFC-4DC10E890712}.Debug|x86.ActiveCfg = Debug|Any CPU
		{6A7E22A9-8818-4EDA-BDFC-4DC10E890712}.Debug|x86.Build.0 = Debug|Any CPU
		{6A7E22A9-8818-4EDA-BDFC-4DC10E890712}.Release|Any CPU.ActiveCfg = Release|Any CPU
		{6A7E22A9-8818-4EDA-BDFC-4DC10E890712}.Release|Any CPU.Build.0 = Release|Any CPU
		{6A7E22A9-8818-4EDA-BDFC-4DC10E890712}.Release|x64.ActiveCfg = Release|Any CPU
		{6A7E22A9-8818-4EDA-BDFC-4DC10E890712}.Release|x64.Build.0 = Release|Any CPU
		{6A7E22A9-8818-4EDA-BDFC-4DC10E890712}.Release|x86.ActiveCfg = Release|Any CPU
		{6A7E22A9-8818-4EDA-BDFC-4DC10E890712}.Release|x86.Build.0 = Release|Any CPU
		{CF0647A1-2DD0-4BC0-9107-CB3ED56B4F60}.Debug|Any CPU.ActiveCfg = Debug|Any CPU
		{CF0647A1-2DD0-4BC0-9107-CB3ED56B4F60}.Debug|Any CPU.Build.0 = Debug|Any CPU
		{CF0647A1-2DD0-4BC0-9107-CB3ED56B4F60}.Debug|x64.ActiveCfg = Debug|Any CPU
		{CF0647A1-2DD0-4BC0-9107-CB3ED56B4F60}.Debug|x64.Build.0 = Debug|Any CPU
		{CF0647A1-2DD0-4BC0-9107-CB3ED56B4F60}.Debug|x86.ActiveCfg = Debug|Any CPU
		{CF0647A1-2DD0-4BC0-9107-CB3ED56B4F60}.Debug|x86.Build.0 = Debug|Any CPU
		{CF0647A1-2DD0-4BC0-9107-CB3ED56B4F60}.Release|Any CPU.ActiveCfg = Release|Any CPU
		{CF0647A1-2DD0-4BC0-9107-CB3ED56B4F60}.Release|Any CPU.Build.0 = Release|Any CPU
		{CF0647A1-2DD0-4BC0-9107-CB3ED56B4F60}.Release|x64.ActiveCfg = Release|Any CPU
		{CF0647A1-2DD0-4BC0-9107-CB3ED56B4F60}.Release|x64.Build.0 = Release|Any CPU
		{CF0647A1-2DD0-4BC0-9107-CB3ED56B4F60}.Release|x86.ActiveCfg = Release|Any CPU
		{CF0647A1-2DD0-4BC0-9107-CB3ED56B4F60}.Release|x86.Build.0 = Release|Any CPU
	EndGlobalSection
	GlobalSection(SolutionProperties) = preSolution
		HideSolutionNode = FALSE
	EndGlobalSection
	GlobalSection(NestedProjects) = preSolution
		{6C919932-0599-40B9-A9E0-BBB13C38B3D8} = {827E0CD3-B72D-47B6-A68D-7590B98EB39B}
		{77FA4CE5-7608-4A09-83FB-ED3A528C698A} = {827E0CD3-B72D-47B6-A68D-7590B98EB39B}
		{6A7E22A9-8818-4EDA-BDFC-4DC10E890712} = {827E0CD3-B72D-47B6-A68D-7590B98EB39B}
		{CF0647A1-2DD0-4BC0-9107-CB3ED56B4F60} = {827E0CD3-B72D-47B6-A68D-7590B98EB39B}
	EndGlobalSection
EndGlobal
